
Microsoft Visual Studio Solution File, Format Version 12.00
# Visual Studio Version 17
VisualStudioVersion = 17.2.32630.192
MinimumVisualStudioVersion = 10.0.40219.1
Project("{8BC9CEB8-8B4A-11D0-8D11-00A0C91BC942}") = "Project1", "Project1\Project1.vcxproj", "{D49B30FA-EA9A-4319-A181-217A4592A8AE}"
EndProject
Global
	GlobalSection(SolutionConfigurationPlatforms) = preSolution
		Debug|x64 = Debug|x64
		Debug|x86 = Debug|x86
		Release|x64 = Release|x64
		Release|x86 = Release|x86
	EndGlobalSection
	GlobalSection(ProjectConfigurationPlatforms) = postSolution
		{D49B30FA-EA9A-4319-A181-217A4592A8AE}.Debug|x64.ActiveCfg = Debug|x64
		{D49B30FA-EA9A-4319-A181-217A4592A8AE}.Debug|x64.Build.0 = Debug|x64
		{D49B30FA-EA9A-4319-A181-217A4592A8AE}.Debug|x86.ActiveCfg = Debug|Win32
		{D49B30FA-EA9A-4319-A181-217A4592A8AE}.Debug|x86.Build.0 = Debug|Win32
		{D49B30FA-EA9A-4319-A181-217A4592A8AE}.Release|x64.ActiveCfg = Release|x64
		{D49B30FA-EA9A-4319-A181-217A4592A8AE}.Release|x64.Build.0 = Release|x64
		{D49B30FA-EA9A-4319-A181-217A4592A8AE}.Release|x86.ActiveCfg = Release|Win32
		{D49B30FA-EA9A-4319-A181-217A4592A8AE}.Release|x86.Build.0 = Release|Win32
	EndGlobalSection
	GlobalSection(SolutionProperties) = preSolution
		HideSolutionNode = FALSE
	EndGlobalSection
	GlobalSection(ExtensibilityGlobals) = postSolution
		SolutionGuid = {0BA4F7E3-7BC0-4B86-A349-D0D8EB4D8840}
	EndGlobalSection
EndGlobal
