
Microsoft Visual Studio Solution File, Format Version 12.00
# Visual Studio Version 17
VisualStudioVersion = 17.2.32630.192
MinimumVisualStudioVersion = 10.0.40219.1
Project("{8BC9CEB8-8B4A-11D0-8D11-00A0C91BC942}") = "Project1", "Project1\Project1.vcxproj", "{62493E4D-2777-4DB2-AAC9-7604C4F7F164}"
EndProject
Global
	GlobalSection(SolutionConfigurationPlatforms) = preSolution
		Debug|x64 = Debug|x64
		Debug|x86 = Debug|x86
		Release|x64 = Release|x64
		Release|x86 = Release|x86
	EndGlobalSection
	GlobalSection(ProjectConfigurationPlatforms) = postSolution
		{62493E4D-2777-4DB2-AAC9-7604C4F7F164}.Debug|x64.ActiveCfg = Debug|x64
		{62493E4D-2777-4DB2-AAC9-7604C4F7F164}.Debug|x64.Build.0 = Debug|x64
		{62493E4D-2777-4DB2-AAC9-7604C4F7F164}.Debug|x86.ActiveCfg = Debug|Win32
		{62493E4D-2777-4DB2-AAC9-7604C4F7F164}.Debug|x86.Build.0 = Debug|Win32
		{62493E4D-2777-4DB2-AAC9-7604C4F7F164}.Release|x64.ActiveCfg = Release|x64
		{62493E4D-2777-4DB2-AAC9-7604C4F7F164}.Release|x64.Build.0 = Release|x64
		{62493E4D-2777-4DB2-AAC9-7604C4F7F164}.Release|x86.ActiveCfg = Release|Win32
		{62493E4D-2777-4DB2-AAC9-7604C4F7F164}.Release|x86.Build.0 = Release|Win32
	EndGlobalSection
	GlobalSection(SolutionProperties) = preSolution
		HideSolutionNode = FALSE
	EndGlobalSection
	GlobalSection(ExtensibilityGlobals) = postSolution
		SolutionGuid = {C6055897-6BB5-47B8-BF67-45705C009AB4}
	EndGlobalSection
EndGlobal
