
Microsoft Visual Studio Solution File, Format Version 12.00
# Visual Studio Version 17
VisualStudioVersion = 17.2.32630.192
MinimumVisualStudioVersion = 10.0.40219.1
Project("{8BC9CEB8-8B4A-11D0-8D11-00A0C91BC942}") = "Project1", "Project1.vcxproj", "{8FFDB880-1E65-437D-B087-75744185114B}"
EndProject
Global
	GlobalSection(SolutionConfigurationPlatforms) = preSolution
		Debug|x64 = Debug|x64
		Debug|x86 = Debug|x86
		Release|x64 = Release|x64
		Release|x86 = Release|x86
	EndGlobalSection
	GlobalSection(ProjectConfigurationPlatforms) = postSolution
		{8FFDB880-1E65-437D-B087-75744185114B}.Debug|x64.ActiveCfg = Debug|x64
		{8FFDB880-1E65-437D-B087-75744185114B}.Debug|x64.Build.0 = Debug|x64
		{8FFDB880-1E65-437D-B087-75744185114B}.Debug|x86.ActiveCfg = Debug|Win32
		{8FFDB880-1E65-437D-B087-75744185114B}.Debug|x86.Build.0 = Debug|Win32
		{8FFDB880-1E65-437D-B087-75744185114B}.Release|x64.ActiveCfg = Release|x64
		{8FFDB880-1E65-437D-B087-75744185114B}.Release|x64.Build.0 = Release|x64
		{8FFDB880-1E65-437D-B087-75744185114B}.Release|x86.ActiveCfg = Release|Win32
		{8FFDB880-1E65-437D-B087-75744185114B}.Release|x86.Build.0 = Release|Win32
	EndGlobalSection
	GlobalSection(SolutionProperties) = preSolution
		HideSolutionNode = FALSE
	EndGlobalSection
	GlobalSection(ExtensibilityGlobals) = postSolution
		SolutionGuid = {AC0F5F5D-7627-49A1-8447-0CE5390288A6}
	EndGlobalSection
EndGlobal
